{
  "lockfileVersion": 1,
  "configVersion": 1,
  "workspaces": {
    "": {
      "name": "iching-web",
      "dependencies": {
        "@wterm/dom": "^0.3.0",
      },
    },
  },
  "packages": {
    "@wterm/core": ["@wterm/core@0.3.0", "", {}, "sha512-aQ73QBP+eyA3kcn31mA7DmAi7qmEsQijZdmvgwxtSjCi2248EAOZgtkGDpjlspfrxyVxQbUl/IF+gCVcXt4nZQ=="],

    "@wterm/dom": ["@wterm/dom@0.3.0", "", { "dependencies": { "@wterm/core": "0.3.0" } }, "sha512-OiUl7reGSlW02yb5wGXMplMZhW2HBkBSFxvbFj15I832UK0QFIHRvhE2l6Xgae8ROn9bNLaALoKDFvcUuz80iQ=="],
  }
}
